
Microsoft Visual Studio Solution File, Format Version 12.00
# Visual Studio 15
VisualStudioVersion = 15.0.27703.2000
MinimumVisualStudioVersion = 10.0.40219.1
Project("{FAE04EC0-301F-11D3-BF4B-00C04F79EFBC}") = "solvers", "solvers\solvers.csproj", "{CC90EAF9-86B8-498E-9CD2-A1CD139A74B7}"
EndProject
Global
	GlobalSection(SolutionConfigurationPlatforms) = preSolution
		Debug|Any CPU = Debug|Any CPU
		Release|Any CPU = Release|Any CPU
	EndGlobalSection
	GlobalSection(ProjectConfigurationPlatforms) = postSolution
		{CC90EAF9-86B8-498E-9CD2-A1CD139A74B7}.Debug|Any CPU.ActiveCfg = Debug|Any CPU
		{CC90EAF9-86B8-498E-9CD2-A1CD139A74B7}.Debug|Any CPU.Build.0 = Debug|Any CPU
		{CC90EAF9-86B8-498E-9CD2-A1CD139A74B7}.Release|Any CPU.ActiveCfg = Release|Any CPU
		{CC90EAF9-86B8-498E-9CD2-A1CD139A74B7}.Release|Any CPU.Build.0 = Release|Any CPU
	EndGlobalSection
	GlobalSection(SolutionProperties) = preSolution
		HideSolutionNode = FALSE
	EndGlobalSection
	GlobalSection(ExtensibilityGlobals) = postSolution
		SolutionGuid = {D064A0F1-E68D-4BB0-89AD-D21BC51D5704}
	EndGlobalSection
EndGlobal
